
Microsoft Visual Studio Solution File, Format Version 12.00
# Visual Studio Version 16
VisualStudioVersion = 16.0.29509.3
MinimumVisualStudioVersion = 10.0.40219.1
Project("{9A19103F-16F7-4668-BE54-9A1E7A4F7556}") = "02", "02\02.csproj", "{164DE3DA-21A5-476B-90AE-7A9A57322AD6}"
EndProject
Project("{9A19103F-16F7-4668-BE54-9A1E7A4F7556}") = "01", "01\01.csproj", "{BABF1FD1-F910-4368-89D6-6733F841C433}"
EndProject
Project("{9A19103F-16F7-4668-BE54-9A1E7A4F7556}") = "03", "03\03.csproj", "{275916FC-C0CF-48EF-9B90-DEA528ACACB8}"
EndProject
Project("{9A19103F-16F7-4668-BE54-9A1E7A4F7556}") = "04", "04\04.csproj", "{A8DF61FE-B696-4BF7-A2DF-58C62F62C884}"
EndProject
Project("{9A19103F-16F7-4668-BE54-9A1E7A4F7556}") = "05", "05\05.csproj", "{F89EE2A5-B8E4-4E25-8A01-DDCBA41E3CE5}"
EndProject
Project("{9A19103F-16F7-4668-BE54-9A1E7A4F7556}") = "06", "06\06.csproj", "{90AD473F-D2B9-4E76-B001-796F6CFE8188}"
EndProject
Project("{FAE04EC0-301F-11D3-BF4B-00C04F79EFBC}") = "07", "07\07.csproj", "{7CF58A5F-A313-4122-94B1-DC3088C31652}"
EndProject
Project("{FAE04EC0-301F-11D3-BF4B-00C04F79EFBC}") = "08", "08\08.csproj", "{6BADD743-BC19-4847-80BB-26EA2589068C}"
EndProject
Project("{FAE04EC0-301F-11D3-BF4B-00C04F79EFBC}") = "09", "09\09.csproj", "{133D8757-994C-4A09-9DC3-F98F0CA59F23}"
EndProject
Project("{FAE04EC0-301F-11D3-BF4B-00C04F79EFBC}") = "10", "10\10.csproj", "{7FB72929-9E5D-4349-81ED-1B3912323307}"
EndProject
Project("{FAE04EC0-301F-11D3-BF4B-00C04F79EFBC}") = "11", "11\11.csproj", "{F63832E1-90CD-4EC0-84D7-0C35CC25D136}"
EndProject
Project("{FAE04EC0-301F-11D3-BF4B-00C04F79EFBC}") = "12", "12\12.csproj", "{E2F5A803-5058-44F3-B160-BC5D0EE037F6}"
EndProject
Project("{FAE04EC0-301F-11D3-BF4B-00C04F79EFBC}") = "13", "13\13.csproj", "{7CF5D33E-673C-4CBD-AAA7-1EDD7163F472}"
EndProject
Project("{FAE04EC0-301F-11D3-BF4B-00C04F79EFBC}") = "14", "14\14.csproj", "{10189F4C-03DB-462E-A282-1128EB0B9066}"
EndProject
Global
	GlobalSection(SolutionConfigurationPlatforms) = preSolution
		Debug|Any CPU = Debug|Any CPU
		Release|Any CPU = Release|Any CPU
	EndGlobalSection
	GlobalSection(ProjectConfigurationPlatforms) = postSolution
		{164DE3DA-21A5-476B-90AE-7A9A57322AD6}.Debug|Any CPU.ActiveCfg = Debug|Any CPU
		{164DE3DA-21A5-476B-90AE-7A9A57322AD6}.Debug|Any CPU.Build.0 = Debug|Any CPU
		{164DE3DA-21A5-476B-90AE-7A9A57322AD6}.Release|Any CPU.ActiveCfg = Release|Any CPU
		{164DE3DA-21A5-476B-90AE-7A9A57322AD6}.Release|Any CPU.Build.0 = Release|Any CPU
		{BABF1FD1-F910-4368-89D6-6733F841C433}.Debug|Any CPU.ActiveCfg = Debug|Any CPU
		{BABF1FD1-F910-4368-89D6-6733F841C433}.Debug|Any CPU.Build.0 = Debug|Any CPU
		{BABF1FD1-F910-4368-89D6-6733F841C433}.Release|Any CPU.ActiveCfg = Release|Any CPU
		{BABF1FD1-F910-4368-89D6-6733F841C433}.Release|Any CPU.Build.0 = Release|Any CPU
		{275916FC-C0CF-48EF-9B90-DEA528ACACB8}.Debug|Any CPU.ActiveCfg = Debug|Any CPU
		{275916FC-C0CF-48EF-9B90-DEA528ACACB8}.Debug|Any CPU.Build.0 = Debug|Any CPU
		{275916FC-C0CF-48EF-9B90-DEA528ACACB8}.Release|Any CPU.ActiveCfg = Release|Any CPU
		{275916FC-C0CF-48EF-9B90-DEA528ACACB8}.Release|Any CPU.Build.0 = Release|Any CPU
		{A8DF61FE-B696-4BF7-A2DF-58C62F62C884}.Debug|Any CPU.ActiveCfg = Debug|Any CPU
		{A8DF61FE-B696-4BF7-A2DF-58C62F62C884}.Debug|Any CPU.Build.0 = Debug|Any CPU
		{A8DF61FE-B696-4BF7-A2DF-58C62F62C884}.Release|Any CPU.ActiveCfg = Release|Any CPU
		{A8DF61FE-B696-4BF7-A2DF-58C62F62C884}.Release|Any CPU.Build.0 = Release|Any CPU
		{F89EE2A5-B8E4-4E25-8A01-DDCBA41E3CE5}.Debug|Any CPU.ActiveCfg = Debug|Any CPU
		{F89EE2A5-B8E4-4E25-8A01-DDCBA41E3CE5}.Debug|Any CPU.Build.0 = Debug|Any CPU
		{F89EE2A5-B8E4-4E25-8A01-DDCBA41E3CE5}.Release|Any CPU.ActiveCfg = Release|Any CPU
		{F89EE2A5-B8E4-4E25-8A01-DDCBA41E3CE5}.Release|Any CPU.Build.0 = Release|Any CPU
		{90AD473F-D2B9-4E76-B001-796F6CFE8188}.Debug|Any CPU.ActiveCfg = Debug|Any CPU
		{90AD473F-D2B9-4E76-B001-796F6CFE8188}.Debug|Any CPU.Build.0 = Debug|Any CPU
		{90AD473F-D2B9-4E76-B001-796F6CFE8188}.Release|Any CPU.ActiveCfg = Release|Any CPU
		{90AD473F-D2B9-4E76-B001-796F6CFE8188}.Release|Any CPU.Build.0 = Release|Any CPU
		{7CF58A5F-A313-4122-94B1-DC3088C31652}.Debug|Any CPU.ActiveCfg = Debug|Any CPU
		{7CF58A5F-A313-4122-94B1-DC3088C31652}.Debug|Any CPU.Build.0 = Debug|Any CPU
		{7CF58A5F-A313-4122-94B1-DC3088C31652}.Release|Any CPU.ActiveCfg = Release|Any CPU
		{7CF58A5F-A313-4122-94B1-DC3088C31652}.Release|Any CPU.Build.0 = Release|Any CPU
		{6BADD743-BC19-4847-80BB-26EA2589068C}.Debug|Any CPU.ActiveCfg = Debug|Any CPU
		{6BADD743-BC19-4847-80BB-26EA2589068C}.Debug|Any CPU.Build.0 = Debug|Any CPU
		{6BADD743-BC19-4847-80BB-26EA2589068C}.Release|Any CPU.ActiveCfg = Release|Any CPU
		{6BADD743-BC19-4847-80BB-26EA2589068C}.Release|Any CPU.Build.0 = Release|Any CPU
		{133D8757-994C-4A09-9DC3-F98F0CA59F23}.Debug|Any CPU.ActiveCfg = Debug|Any CPU
		{133D8757-994C-4A09-9DC3-F98F0CA59F23}.Debug|Any CPU.Build.0 = Debug|Any CPU
		{133D8757-994C-4A09-9DC3-F98F0CA59F23}.Release|Any CPU.ActiveCfg = Release|Any CPU
		{133D8757-994C-4A09-9DC3-F98F0CA59F23}.Release|Any CPU.Build.0 = Release|Any CPU
		{7FB72929-9E5D-4349-81ED-1B3912323307}.Debug|Any CPU.ActiveCfg = Debug|Any CPU
		{7FB72929-9E5D-4349-81ED-1B3912323307}.Debug|Any CPU.Build.0 = Debug|Any CPU
		{7FB72929-9E5D-4349-81ED-1B3912323307}.Release|Any CPU.ActiveCfg = Release|Any CPU
		{7FB72929-9E5D-4349-81ED-1B3912323307}.Release|Any CPU.Build.0 = Release|Any CPU
		{F63832E1-90CD-4EC0-84D7-0C35CC25D136}.Debug|Any CPU.ActiveCfg = Debug|Any CPU
		{F63832E1-90CD-4EC0-84D7-0C35CC25D136}.Debug|Any CPU.Build.0 = Debug|Any CPU
		{F63832E1-90CD-4EC0-84D7-0C35CC25D136}.Release|Any CPU.ActiveCfg = Release|Any CPU
		{F63832E1-90CD-4EC0-84D7-0C35CC25D136}.Release|Any CPU.Build.0 = Release|Any CPU
		{E2F5A803-5058-44F3-B160-BC5D0EE037F6}.Debug|Any CPU.ActiveCfg = Debug|Any CPU
		{E2F5A803-5058-44F3-B160-BC5D0EE037F6}.Debug|Any CPU.Build.0 = Debug|Any CPU
		{E2F5A803-5058-44F3-B160-BC5D0EE037F6}.Release|Any CPU.ActiveCfg = Release|Any CPU
		{E2F5A803-5058-44F3-B160-BC5D0EE037F6}.Release|Any CPU.Build.0 = Release|Any CPU
		{7CF5D33E-673C-4CBD-AAA7-1EDD7163F472}.Debug|Any CPU.ActiveCfg = Debug|Any CPU
		{7CF5D33E-673C-4CBD-AAA7-1EDD7163F472}.Debug|Any CPU.Build.0 = Debug|Any CPU
		{7CF5D33E-673C-4CBD-AAA7-1EDD7163F472}.Release|Any CPU.ActiveCfg = Release|Any CPU
		{7CF5D33E-673C-4CBD-AAA7-1EDD7163F472}.Release|Any CPU.Build.0 = Release|Any CPU
		{10189F4C-03DB-462E-A282-1128EB0B9066}.Debug|Any CPU.ActiveCfg = Debug|Any CPU
		{10189F4C-03DB-462E-A282-1128EB0B9066}.Debug|Any CPU.Build.0 = Debug|Any CPU
		{10189F4C-03DB-462E-A282-1128EB0B9066}.Release|Any CPU.ActiveCfg = Release|Any CPU
		{10189F4C-03DB-462E-A282-1128EB0B9066}.Release|Any CPU.Build.0 = Release|Any CPU
	EndGlobalSection
	GlobalSection(SolutionProperties) = preSolution
		HideSolutionNode = FALSE
	EndGlobalSection
	GlobalSection(ExtensibilityGlobals) = postSolution
		SolutionGuid = {277D4F01-4DE1-458B-85EE-71587C20ADB8}
	EndGlobalSection
EndGlobal
